
Microsoft Visual Studio Solution File, Format Version 12.00
# Visual Studio 15
VisualStudioVersion = 15.0.28307.1169
MinimumVisualStudioVersion = 10.0.40219.1
Project("{FAE04EC0-301F-11D3-BF4B-00C04F79EFBC}") = "THUVIENSO", "THUVIENSO\THUVIENSO.csproj", "{96CADE88-530C-4160-88F2-6779BD7FDF1F}"
EndProject
Global
	GlobalSection(SolutionConfigurationPlatforms) = preSolution
		Debug|Any CPU = Debug|Any CPU
		Release|Any CPU = Release|Any CPU
	EndGlobalSection
	GlobalSection(ProjectConfigurationPlatforms) = postSolution
		{96CADE88-530C-4160-88F2-6779BD7FDF1F}.Debug|Any CPU.ActiveCfg = Debug|Any CPU
		{96CADE88-530C-4160-88F2-6779BD7FDF1F}.Debug|Any CPU.Build.0 = Debug|Any CPU
		{96CADE88-530C-4160-88F2-6779BD7FDF1F}.Release|Any CPU.ActiveCfg = Release|Any CPU
		{96CADE88-530C-4160-88F2-6779BD7FDF1F}.Release|Any CPU.Build.0 = Release|Any CPU
	EndGlobalSection
	GlobalSection(SolutionProperties) = preSolution
		HideSolutionNode = FALSE
	EndGlobalSection
	GlobalSection(ExtensibilityGlobals) = postSolution
		SolutionGuid = {AF16C66B-7031-4118-B52A-B42151E3E2A8}
	EndGlobalSection
EndGlobal
